<?xml version="1.0" encoding="utf-8"?>
<Project ToolsVersion="4.0" xmlns="http://schemas.microsoft.com/developer/msbuild/2003">
  <ItemGroup>
    <Filter Include="소스 파일">
      <UniqueIdentifier>{4FC737F1-C7A5-4376-A066-2A32D752A2FF}</UniqueIdentifier>
      <Extensions>cpp;c;cc;cxx;c++;cppm;ixx;def;odl;idl;hpj;bat;asm;asmx</Extensions>
    </Filter>
    <Filter Include="헤더 파일">
      <UniqueIdentifier>{93995380-89BD-4b04-88EB-625FBE52EBFB}</UniqueIdentifier>
      <Extensions>h;hh;hpp;hxx;h++;hm;inl;inc;ipp;xsd</Extensions>
    </Filter>
    <Filter Include="리소스 파일">
      <UniqueIdentifier>{67DA6AB6-F800-4c08-8B7A-83BB121AAD01}</UniqueIdentifier>
      <Extensions>rc;ico;cur;bmp;dlg;rc2;rct;bin;rgs;gif;jpg;jpeg;jpe;resx;tiff;tif;png;wav;mfcribbon-ms</Extensions>
    </Filter>
    <Filter Include="Core">
      <UniqueIdentifier>{bf51e2ec-ad51-4bc6-85ca-12f173dab8b9}</UniqueIdentifier>
    </Filter>
  </ItemGroup>
  <ItemGroup>
    <ClCompile Include="TestMain.cpp">
      <Filter>소스 파일</Filter>
    </ClCompile>
    <ClCompile Include="Core\GarbageCollector.cpp">
      <Filter>Core</Filter>
    </ClCompile>
    <ClCompile Include="Core\NativeTypes.cpp">
      <Filter>Core</Filter>
    </ClCompile>
    <ClCompile Include="Core\Object.cpp">
      <Filter>Core</Filter>
    </ClCompile>
    <ClCompile Include="Core\ObjectType.cpp">
      <Filter>Core</Filter>
    </ClCompile>
    <ClCompile Include="Core\ObjectTypeDictionary.cpp">
      <Filter>Core</Filter>
    </ClCompile>
    <ClCompile Include="Core\ObjectTypes.cpp">
      <Filter>Core</Filter>
    </ClCompile>
    <ClCompile Include="Core\ReflectionStaticManager.cpp">
      <Filter>Core</Filter>
    </ClCompile>
    <ClCompile Include="Core\Wrappers.cpp">
      <Filter>Core</Filter>
    </ClCompile>
    <ClCompile Include="Reflection\_reflection_source_.reflection.cpp">
      <Filter>소스 파일</Filter>
    </ClCompile>
    <ClCompile Include="TestClasses.cpp">
      <Filter>소스 파일</Filter>
    </ClCompile>
    <ClCompile Include="TestStructs.cpp">
      <Filter>소스 파일</Filter>
    </ClCompile>
  </ItemGroup>
  <ItemGroup>
    <ClInclude Include="Core\Containers.h">
      <Filter>Core</Filter>
    </ClInclude>
    <ClInclude Include="Core\GarbageCollector.h">
      <Filter>Core</Filter>
    </ClInclude>
    <ClInclude Include="Core\NativeTypes.h">
      <Filter>Core</Filter>
    </ClInclude>
    <ClInclude Include="Core\Object.h">
      <Filter>Core</Filter>
    </ClInclude>
    <ClInclude Include="Core\ObjectMacro.h">
      <Filter>Core</Filter>
    </ClInclude>
    <ClInclude Include="Core\ObjectType.h">
      <Filter>Core</Filter>
    </ClInclude>
    <ClInclude Include="Core\ObjectTypeDictionary.h">
      <Filter>Core</Filter>
    </ClInclude>
    <ClInclude Include="Core\ObjectTypes.h">
      <Filter>Core</Filter>
    </ClInclude>
    <ClInclude Include="Core\Reflection.h">
      <Filter>Core</Filter>
    </ClInclude>
    <ClInclude Include="Core\ReflectionStaticManager.h">
      <Filter>Core</Filter>
    </ClInclude>
    <ClInclude Include="Core\Wrappers.h">
      <Filter>Core</Filter>
    </ClInclude>
    <ClInclude Include="TestClasses.h">
      <Filter>헤더 파일</Filter>
    </ClInclude>
    <ClInclude Include="TestStructs.h">
      <Filter>헤더 파일</Filter>
    </ClInclude>
  </ItemGroup>
</Project>